
Microsoft Visual Studio Solution File, Format Version 11.00
# Visual Studio 2010
Project("{FAE04EC0-301F-11D3-BF4B-00C04F79EFBC}") = "HealthOnKill", "Heal On Kill.csproj", "{B16555B2-34B9-4773-B0B0-808673E52763}"
EndProject
Global
	GlobalSection(SolutionConfigurationPlatforms) = preSolution
		Debug|Any CPU = Debug|Any CPU
		Release|Any CPU = Release|Any CPU
	EndGlobalSection
	GlobalSection(ProjectConfigurationPlatforms) = postSolution
		{B16555B2-34B9-4773-B0B0-808673E52763}.Debug|Any CPU.ActiveCfg = Debug|Any CPU
		{B16555B2-34B9-4773-B0B0-808673E52763}.Debug|Any CPU.Build.0 = Debug|Any CPU
		{B16555B2-34B9-4773-B0B0-808673E52763}.Release|Any CPU.ActiveCfg = Release|Any CPU
		{B16555B2-34B9-4773-B0B0-808673E52763}.Release|Any CPU.Build.0 = Release|Any CPU
	EndGlobalSection
	GlobalSection(SolutionProperties) = preSolution
		HideSolutionNode = FALSE
	EndGlobalSection
EndGlobal
